
Microsoft Visual Studio Solution File, Format Version 12.00
# Visual Studio Version 17
VisualStudioVersion = 17.0.32014.148
MinimumVisualStudioVersion = 10.0.40219.1
Project("{FAE04EC0-301F-11D3-BF4B-00C04F79EFBC}") = "ProtobufGoTo", "ProtobufGoTo.csproj", "{96666C3F-DBA0-4144-9DDB-59B5860392FB}"
EndProject
Global
	GlobalSection(SolutionConfigurationPlatforms) = preSolution
		Debug|Any CPU = Debug|Any CPU
		Debug|x86 = Debug|x86
		Release|Any CPU = Release|Any CPU
		Release|x86 = Release|x86
	EndGlobalSection
	GlobalSection(ProjectConfigurationPlatforms) = postSolution
		{6666C056-1C15-4564-84F5-7B46B5F14D18}.Debug|Any CPU.ActiveCfg = Debug|Any CPU
		{6666C056-1C15-4564-84F5-7B46B5F14D18}.Debug|Any CPU.Build.0 = Debug|Any CPU
		{6666C056-1C15-4564-84F5-7B46B5F14D18}.Debug|x86.ActiveCfg = Debug|Any CPU
		{6666C056-1C15-4564-84F5-7B46B5F14D18}.Debug|x86.Build.0 = Debug|Any CPU
		{6666C056-1C15-4564-84F5-7B46B5F14D18}.Release|Any CPU.ActiveCfg = Release|Any CPU
		{6666C056-1C15-4564-84F5-7B46B5F14D18}.Release|Any CPU.Build.0 = Release|Any CPU
		{6666C056-1C15-4564-84F5-7B46B5F14D18}.Release|x86.ActiveCfg = Release|Any CPU
		{6666C056-1C15-4564-84F5-7B46B5F14D18}.Release|x86.Build.0 = Release|Any CPU
		{C3B9AE8D-D192-4796-94C0-3DD192F8E7AE}.Debug|Any CPU.ActiveCfg = Debug|Any CPU
		{C3B9AE8D-D192-4796-94C0-3DD192F8E7AE}.Debug|Any CPU.Build.0 = Debug|Any CPU
		{C3B9AE8D-D192-4796-94C0-3DD192F8E7AE}.Debug|x86.ActiveCfg = Debug|Any CPU
		{C3B9AE8D-D192-4796-94C0-3DD192F8E7AE}.Debug|x86.Build.0 = Debug|Any CPU
		{C3B9AE8D-D192-4796-94C0-3DD192F8E7AE}.Release|Any CPU.ActiveCfg = Release|Any CPU
		{C3B9AE8D-D192-4796-94C0-3DD192F8E7AE}.Release|Any CPU.Build.0 = Release|Any CPU
		{C3B9AE8D-D192-4796-94C0-3DD192F8E7AE}.Release|x86.ActiveCfg = Release|Any CPU
		{C3B9AE8D-D192-4796-94C0-3DD192F8E7AE}.Release|x86.Build.0 = Release|Any CPU
		{96666C3F-DBA0-4144-9DDB-59B5860392FB}.Debug|Any CPU.ActiveCfg = Debug|Any CPU
		{96666C3F-DBA0-4144-9DDB-59B5860392FB}.Debug|Any CPU.Build.0 = Debug|Any CPU
		{96666C3F-DBA0-4144-9DDB-59B5860392FB}.Debug|x86.ActiveCfg = Debug|x86
		{96666C3F-DBA0-4144-9DDB-59B5860392FB}.Debug|x86.Build.0 = Debug|x86
		{96666C3F-DBA0-4144-9DDB-59B5860392FB}.Release|Any CPU.ActiveCfg = Release|Any CPU
		{96666C3F-DBA0-4144-9DDB-59B5860392FB}.Release|Any CPU.Build.0 = Release|Any CPU
		{96666C3F-DBA0-4144-9DDB-59B5860392FB}.Release|x86.ActiveCfg = Release|x86
		{96666C3F-DBA0-4144-9DDB-59B5860392FB}.Release|x86.Build.0 = Release|x86
	EndGlobalSection
	GlobalSection(SolutionProperties) = preSolution
		HideSolutionNode = FALSE
	EndGlobalSection
	GlobalSection(ExtensibilityGlobals) = postSolution
		SolutionGuid = {241C4FDD-1EE3-4CC7-BA10-3F104F831F26}
	EndGlobalSection
EndGlobal
